
Microsoft Visual Studio Solution File, Format Version 12.00
# Visual Studio Version 17
VisualStudioVersion = 17.2.32630.192
MinimumVisualStudioVersion = 10.0.40219.1
Project("{FAE04EC0-301F-11D3-BF4B-00C04F79EFBC}") = "WpfApp1", "WpfApp1\WpfApp1.csproj", "{BAB643F6-EA89-4E1C-B20D-0923C6E294F3}"
EndProject
Global
	GlobalSection(SolutionConfigurationPlatforms) = preSolution
		Debug|Any CPU = Debug|Any CPU
		Release|Any CPU = Release|Any CPU
	EndGlobalSection
	GlobalSection(ProjectConfigurationPlatforms) = postSolution
		{BAB643F6-EA89-4E1C-B20D-0923C6E294F3}.Debug|Any CPU.ActiveCfg = Debug|Any CPU
		{BAB643F6-EA89-4E1C-B20D-0923C6E294F3}.Debug|Any CPU.Build.0 = Debug|Any CPU
		{BAB643F6-EA89-4E1C-B20D-0923C6E294F3}.Release|Any CPU.ActiveCfg = Release|Any CPU
		{BAB643F6-EA89-4E1C-B20D-0923C6E294F3}.Release|Any CPU.Build.0 = Release|Any CPU
	EndGlobalSection
	GlobalSection(SolutionProperties) = preSolution
		HideSolutionNode = FALSE
	EndGlobalSection
	GlobalSection(ExtensibilityGlobals) = postSolution
		SolutionGuid = {B6E2650B-EF74-4E1E-B9A1-0B54976AF85D}
	EndGlobalSection
EndGlobal
